
Microsoft Visual Studio Solution File, Format Version 12.00
# Visual Studio Version 17
VisualStudioVersion = 17.10.34928.147
MinimumVisualStudioVersion = 10.0.40219.1
Project("{FAE04EC0-301F-11D3-BF4B-00C04F79EFBC}") = "Kisanmitra.API", "Kisanmitra.API.csproj", "{A58D75B3-2BB5-4586-9E73-1311892D96F9}"
EndProject
Project("{FAE04EC0-301F-11D3-BF4B-00C04F79EFBC}") = "DataAccessLayer", "..\DataAccessLayer\DataAccessLayer.csproj", "{0B2498B1-96A0-4C49-9737-30C618B90CED}"
EndProject
Project("{FAE04EC0-301F-11D3-BF4B-00C04F79EFBC}") = "Models", "..\Models\Models.csproj", "{01D624CC-A8BE-4FC2-8538-419EA1433236}"
EndProject
Global
	GlobalSection(SolutionConfigurationPlatforms) = preSolution
		Debug|Any CPU = Debug|Any CPU
		Release|Any CPU = Release|Any CPU
	EndGlobalSection
	GlobalSection(ProjectConfigurationPlatforms) = postSolution
		{A58D75B3-2BB5-4586-9E73-1311892D96F9}.Debug|Any CPU.ActiveCfg = Debug|Any CPU
		{A58D75B3-2BB5-4586-9E73-1311892D96F9}.Debug|Any CPU.Build.0 = Debug|Any CPU
		{A58D75B3-2BB5-4586-9E73-1311892D96F9}.Release|Any CPU.ActiveCfg = Release|Any CPU
		{A58D75B3-2BB5-4586-9E73-1311892D96F9}.Release|Any CPU.Build.0 = Release|Any CPU
		{0B2498B1-96A0-4C49-9737-30C618B90CED}.Debug|Any CPU.ActiveCfg = Debug|Any CPU
		{0B2498B1-96A0-4C49-9737-30C618B90CED}.Debug|Any CPU.Build.0 = Debug|Any CPU
		{0B2498B1-96A0-4C49-9737-30C618B90CED}.Release|Any CPU.ActiveCfg = Release|Any CPU
		{0B2498B1-96A0-4C49-9737-30C618B90CED}.Release|Any CPU.Build.0 = Release|Any CPU
		{01D624CC-A8BE-4FC2-8538-419EA1433236}.Debug|Any CPU.ActiveCfg = Debug|Any CPU
		{01D624CC-A8BE-4FC2-8538-419EA1433236}.Debug|Any CPU.Build.0 = Debug|Any CPU
		{01D624CC-A8BE-4FC2-8538-419EA1433236}.Release|Any CPU.ActiveCfg = Release|Any CPU
		{01D624CC-A8BE-4FC2-8538-419EA1433236}.Release|Any CPU.Build.0 = Release|Any CPU
	EndGlobalSection
	GlobalSection(SolutionProperties) = preSolution
		HideSolutionNode = FALSE
	EndGlobalSection
	GlobalSection(ExtensibilityGlobals) = postSolution
		SolutionGuid = {4DE1C9DB-BFCF-4E0E-B32E-432218F1A610}
	EndGlobalSection
EndGlobal
